{
    "_meta": {
        "hash": {
            "sha256": "257e292fe217aa514b177ade734d591014676f6f5e0462cb2222ec9ccd74c63f"
        },
        "host-environment-markers": {
            "implementation_name": "cpython",
            "implementation_version": "3.6.2",
            "os_name": "posix",
            "platform_machine": "x86_64",
            "platform_python_implementation": "CPython",
            "platform_release": "17.0.0",
            "platform_system": "Darwin",
            "platform_version": "Darwin Kernel Version 17.0.0: Thu Aug 24 21:48:19 PDT 2017; root:xnu-4570.1.46~2/RELEASE_X86_64",
            "python_full_version": "3.6.2",
            "python_version": "3.6",
            "sys_platform": "darwin"
        },
        "pipfile-spec": 2,
        "requires": {},
        "sources": [
            {
                "url": "https://pypi.python.org/simple",
                "verify_ssl": true
            }
        ]
    },
    "default": {
        "appnope": {
            "version": "==0.1.0"
        },
        "bleach": {
            "version": "==2.1"
        },
        "cycler": {
            "version": "==0.10.0"
        },
        "decorator": {
            "version": "==4.1.2"
        },
        "entrypoints": {
            "version": "==0.2.3"
        },
        "html5lib": {
            "version": "==0.999999999"
        },
        "ipykernel": {
            "version": "==4.6.1"
        },
        "ipython": {
            "version": "==6.2.1"
        },
        "ipython-genutils": {
            "version": "==0.2.0"
        },
        "ipywidgets": {
            "version": "==7.0.1"
        },
        "jedi": {
            "version": "==0.11.0"
        },
        "jinja2": {
            "version": "==2.9.6"
        },
        "jsonschema": {
            "version": "==2.6.0"
        },
        "jupyter": {
            "version": "==1.0.0"
        },
        "jupyter-client": {
            "version": "==5.1.0"
        },
        "jupyter-console": {
            "version": "==5.2.0"
        },
        "jupyter-core": {
            "version": "==4.3.0"
        },
        "markupsafe": {
            "version": "==1.0"
        },
        "matplotlib": {
            "version": "==2.0.2"
        },
        "mistune": {
            "version": "==0.7.4"
        },
        "nbconvert": {
            "version": "==5.3.1"
        },
        "nbformat": {
            "version": "==4.4.0"
        },
        "notebook": {
            "version": "==5.1.0"
        },
        "numpy": {
            "version": "==1.13.3"
        },
        "pandas": {
            "version": "==0.20.3"
        },
        "pandocfilters": {
            "version": "==1.4.2"
        },
        "parso": {
            "version": "==0.1.0"
        },
        "pexpect": {
            "version": "==4.2.1"
        },
        "pickleshare": {
            "version": "==0.7.4"
        },
        "prompt-toolkit": {
            "version": "==1.0.15"
        },
        "ptyprocess": {
            "version": "==0.5.2"
        },
        "pygments": {
            "version": "==2.2.0"
        },
        "pyparsing": {
            "version": "==2.2.0"
        },
        "python-dateutil": {
            "version": "==2.6.1"
        },
        "pytz": {
            "version": "==2017.2"
        },
        "pyzmq": {
            "version": "==16.0.2"
        },
        "qtconsole": {
            "version": "==4.3.1"
        },
        "scikit-learn": {
            "version": "==0.19.0"
        },
        "scipy": {
            "version": "==0.19.1"
        },
        "seaborn": {
            "version": "==0.8.1"
        },
        "simplegeneric": {
            "version": "==0.8.1"
        },
        "six": {
            "version": "==1.11.0"
        },
        "terminado": {
            "version": "==0.6"
        },
        "testpath": {
            "version": "==0.3.1"
        },
        "tornado": {
            "version": "==4.5.2"
        },
        "traitlets": {
            "version": "==4.3.2"
        },
        "wcwidth": {
            "version": "==0.1.7"
        },
        "webencodings": {
            "version": "==0.5.1"
        },
        "widgetsnbextension": {
            "version": "==3.0.3"
        }
    },
    "develop": {}
}
